
Microsoft Visual Studio Solution File, Format Version 12.00
# Visual Studio Version 16
VisualStudioVersion = 16.0.29911.84
MinimumVisualStudioVersion = 10.0.40219.1
Project("{FAE04EC0-301F-11D3-BF4B-00C04F79EFBC}") = "Capstone4ShoppingList", "Capstone4ShoppingList\Capstone4ShoppingList.csproj", "{FFDBD014-23D7-437E-AFA8-58DC430152F1}"
EndProject
Global
	GlobalSection(SolutionConfigurationPlatforms) = preSolution
		Debug|Any CPU = Debug|Any CPU
		Release|Any CPU = Release|Any CPU
	EndGlobalSection
	GlobalSection(ProjectConfigurationPlatforms) = postSolution
		{FFDBD014-23D7-437E-AFA8-58DC430152F1}.Debug|Any CPU.ActiveCfg = Debug|Any CPU
		{FFDBD014-23D7-437E-AFA8-58DC430152F1}.Debug|Any CPU.Build.0 = Debug|Any CPU
		{FFDBD014-23D7-437E-AFA8-58DC430152F1}.Release|Any CPU.ActiveCfg = Release|Any CPU
		{FFDBD014-23D7-437E-AFA8-58DC430152F1}.Release|Any CPU.Build.0 = Release|Any CPU
	EndGlobalSection
	GlobalSection(SolutionProperties) = preSolution
		HideSolutionNode = TRUE
	EndGlobalSection
	GlobalSection(ExtensibilityGlobals) = postSolution
		SolutionGuid = {28737BE2-C300-4DBA-8662-714E8583D2BC}
	EndGlobalSection
EndGlobal
